// !$*UTF8*$!
{
	archiveVersion = 1;
	classes = {
	};
	objectVersion = 56;
	objects = {

/* Begin PBXBuildFile section */
		C3203842291C392B001C4CB3 /* AppDelegate.swift in Sources */ = {isa = PBXBuildFile; fileRef = C3203841291C392B001C4CB3 /* AppDelegate.swift */; };
		C3203844291C392B001C4CB3 /* SceneDelegate.swift in Sources */ = {isa = PBXBuildFile; fileRef = C3203843291C392B001C4CB3 /* SceneDelegate.swift */; };
		C320384C291C392B001C4CB3 /* MyTestProject.xcdatamodeld in Sources */ = {isa = PBXBuildFile; fileRef = C320384A291C392B001C4CB3 /* MyTestProject.xcdatamodeld */; };
		C320384E291C392D001C4CB3 /* Assets.xcassets in Resources */ = {isa = PBXBuildFile; fileRef = C320384D291C392D001C4CB3 /* Assets.xcassets */; };
		C3203851291C392D001C4CB3 /* LaunchScreen.storyboard in Resources */ = {isa = PBXBuildFile; fileRef = C320384F291C392D001C4CB3 /* LaunchScreen.storyboard */; };
		C320385C291C3A3C001C4CB3 /* StartScreenVC.swift in Sources */ = {isa = PBXBuildFile; fileRef = C320385A291C3A3C001C4CB3 /* StartScreenVC.swift */; };
		C320385D291C3A3C001C4CB3 /* StartScreenVC.xib in Resources */ = {isa = PBXBuildFile; fileRef = C320385B291C3A3C001C4CB3 /* StartScreenVC.xib */; };
		C3203860291C3A6F001C4CB3 /* Assembler.swift in Sources */ = {isa = PBXBuildFile; fileRef = C320385F291C3A6F001C4CB3 /* Assembler.swift */; };
		C3203862291C3A7C001C4CB3 /* Navigator.swift in Sources */ = {isa = PBXBuildFile; fileRef = C3203861291C3A7C001C4CB3 /* Navigator.swift */; };
		C3203864291C3B15001C4CB3 /* StartScreenPresenter.swift in Sources */ = {isa = PBXBuildFile; fileRef = C3203863291C3B15001C4CB3 /* StartScreenPresenter.swift */; };
		C3203868291C441F001C4CB3 /* Model.swift in Sources */ = {isa = PBXBuildFile; fileRef = C3203867291C441F001C4CB3 /* Model.swift */; };
		C320386C291C7AA4001C4CB3 /* FlowController.swift in Sources */ = {isa = PBXBuildFile; fileRef = C320386B291C7AA4001C4CB3 /* FlowController.swift */; };
		C320386F291C7FC0001C4CB3 /* UIViewController + Child.swift in Sources */ = {isa = PBXBuildFile; fileRef = C320386E291C7FC0001C4CB3 /* UIViewController + Child.swift */; };
		C3203872291C866A001C4CB3 /* NetworkingService.swift in Sources */ = {isa = PBXBuildFile; fileRef = C3203871291C866A001C4CB3 /* NetworkingService.swift */; };
		C3203874291DBD44001C4CB3 /* RecipeType.swift in Sources */ = {isa = PBXBuildFile; fileRef = C3203873291DBD44001C4CB3 /* RecipeType.swift */; };
		C320387829200077001C4CB3 /* UserActionCell.swift in Sources */ = {isa = PBXBuildFile; fileRef = C320387629200077001C4CB3 /* UserActionCell.swift */; };
		C320387929200077001C4CB3 /* UserActionCell.xib in Resources */ = {isa = PBXBuildFile; fileRef = C320387729200077001C4CB3 /* UserActionCell.xib */; };
		C320387E29240922001C4CB3 /* ListFoodVC.swift in Sources */ = {isa = PBXBuildFile; fileRef = C320387C29240922001C4CB3 /* ListFoodVC.swift */; };
		C320387F29240922001C4CB3 /* ListFoodVC.xib in Resources */ = {isa = PBXBuildFile; fileRef = C320387D29240922001C4CB3 /* ListFoodVC.xib */; };
		C32038812924093D001C4CB3 /* ListFoodPresenter.swift in Sources */ = {isa = PBXBuildFile; fileRef = C32038802924093D001C4CB3 /* ListFoodPresenter.swift */; };
		C320388529241228001C4CB3 /* ListFoodCell.swift in Sources */ = {isa = PBXBuildFile; fileRef = C320388329241228001C4CB3 /* ListFoodCell.swift */; };
		C320388629241228001C4CB3 /* ListFoodCell.xib in Resources */ = {isa = PBXBuildFile; fileRef = C320388429241228001C4CB3 /* ListFoodCell.xib */; };
		C320388A292773A5001C4CB3 /* RecipeDetailsVC.swift in Sources */ = {isa = PBXBuildFile; fileRef = C3203888292773A5001C4CB3 /* RecipeDetailsVC.swift */; };
		C320388B292773A5001C4CB3 /* RecipeDetailsVC.xib in Resources */ = {isa = PBXBuildFile; fileRef = C3203889292773A5001C4CB3 /* RecipeDetailsVC.xib */; };
		C320388D292773D5001C4CB3 /* RecipeDetailsPresenter.swift in Sources */ = {isa = PBXBuildFile; fileRef = C320388C292773D5001C4CB3 /* RecipeDetailsPresenter.swift */; };
		C32038912931DAE9001C4CB3 /* IngredientsTableViewCell.swift in Sources */ = {isa = PBXBuildFile; fileRef = C320388F2931DAE9001C4CB3 /* IngredientsTableViewCell.swift */; };
		C32038922931DAE9001C4CB3 /* IngredientsTableViewCell.xib in Resources */ = {isa = PBXBuildFile; fileRef = C32038902931DAE9001C4CB3 /* IngredientsTableViewCell.xib */; };
		C32038942933E214001C4CB3 /* Double.swift in Sources */ = {isa = PBXBuildFile; fileRef = C32038932933E214001C4CB3 /* Double.swift */; };
		C32038962937403A001C4CB3 /* UINavBarAppearance.swift in Sources */ = {isa = PBXBuildFile; fileRef = C32038952937403A001C4CB3 /* UINavBarAppearance.swift */; };
		C320389829374092001C4CB3 /* View+ActivityIndicator.swift in Sources */ = {isa = PBXBuildFile; fileRef = C320389729374092001C4CB3 /* View+ActivityIndicator.swift */; };
		C3894ED02938866A008057B7 /* ImageView.swift in Sources */ = {isa = PBXBuildFile; fileRef = C3894ECF2938866A008057B7 /* ImageView.swift */; };
/* End PBXBuildFile section */

/* Begin PBXFileReference section */
		C320383E291C392B001C4CB3 /* MyTestProject.app */ = {isa = PBXFileReference; explicitFileType = wrapper.application; includeInIndex = 0; path = MyTestProject.app; sourceTree = BUILT_PRODUCTS_DIR; };
		C3203841291C392B001C4CB3 /* AppDelegate.swift */ = {isa = PBXFileReference; lastKnownFileType = sourcecode.swift; path = AppDelegate.swift; sourceTree = "<group>"; };
		C3203843291C392B001C4CB3 /* SceneDelegate.swift */ = {isa = PBXFileReference; lastKnownFileType = sourcecode.swift; path = SceneDelegate.swift; sourceTree = "<group>"; };
		C320384B291C392B001C4CB3 /* MyTestProject.xcdatamodel */ = {isa = PBXFileReference; lastKnownFileType = wrapper.xcdatamodel; path = MyTestProject.xcdatamodel; sourceTree = "<group>"; };
		C320384D291C392D001C4CB3 /* Assets.xcassets */ = {isa = PBXFileReference; lastKnownFileType = folder.assetcatalog; path = Assets.xcassets; sourceTree = "<group>"; };
		C3203850291C392D001C4CB3 /* Base */ = {isa = PBXFileReference; lastKnownFileType = file.storyboard; name = Base; path = Base.lproj/LaunchScreen.storyboard; sourceTree = "<group>"; };
		C3203852291C392D001C4CB3 /* Info.plist */ = {isa = PBXFileReference; lastKnownFileType = text.plist.xml; path = Info.plist; sourceTree = "<group>"; };
		C320385A291C3A3C001C4CB3 /* StartScreenVC.swift */ = {isa = PBXFileReference; lastKnownFileType = sourcecode.swift; path = StartScreenVC.swift; sourceTree = "<group>"; };
		C320385B291C3A3C001C4CB3 /* StartScreenVC.xib */ = {isa = PBXFileReference; lastKnownFileType = file.xib; path = StartScreenVC.xib; sourceTree = "<group>"; };
		C320385F291C3A6F001C4CB3 /* Assembler.swift */ = {isa = PBXFileReference; lastKnownFileType = sourcecode.swift; path = Assembler.swift; sourceTree = "<group>"; };
		C3203861291C3A7C001C4CB3 /* Navigator.swift */ = {isa = PBXFileReference; lastKnownFileType = sourcecode.swift; path = Navigator.swift; sourceTree = "<group>"; };
		C3203863291C3B15001C4CB3 /* StartScreenPresenter.swift */ = {isa = PBXFileReference; lastKnownFileType = sourcecode.swift; path = StartScreenPresenter.swift; sourceTree = "<group>"; };
		C3203867291C441F001C4CB3 /* Model.swift */ = {isa = PBXFileReference; lastKnownFileType = sourcecode.swift; path = Model.swift; sourceTree = "<group>"; };
		C320386B291C7AA4001C4CB3 /* FlowController.swift */ = {isa = PBXFileReference; lastKnownFileType = sourcecode.swift; path = FlowController.swift; sourceTree = "<group>"; };
		C320386E291C7FC0001C4CB3 /* UIViewController + Child.swift */ = {isa = PBXFileReference; lastKnownFileType = sourcecode.swift; path = "UIViewController + Child.swift"; sourceTree = "<group>"; };
		C3203871291C866A001C4CB3 /* NetworkingService.swift */ = {isa = PBXFileReference; lastKnownFileType = sourcecode.swift; path = NetworkingService.swift; sourceTree = "<group>"; };
		C3203873291DBD44001C4CB3 /* RecipeType.swift */ = {isa = PBXFileReference; lastKnownFileType = sourcecode.swift; path = RecipeType.swift; sourceTree = "<group>"; };
		C320387629200077001C4CB3 /* UserActionCell.swift */ = {isa = PBXFileReference; lastKnownFileType = sourcecode.swift; path = UserActionCell.swift; sourceTree = "<group>"; };
		C320387729200077001C4CB3 /* UserActionCell.xib */ = {isa = PBXFileReference; lastKnownFileType = file.xib; path = UserActionCell.xib; sourceTree = "<group>"; };
		C320387C29240922001C4CB3 /* ListFoodVC.swift */ = {isa = PBXFileReference; lastKnownFileType = sourcecode.swift; path = ListFoodVC.swift; sourceTree = "<group>"; };
		C320387D29240922001C4CB3 /* ListFoodVC.xib */ = {isa = PBXFileReference; lastKnownFileType = file.xib; path = ListFoodVC.xib; sourceTree = "<group>"; };
		C32038802924093D001C4CB3 /* ListFoodPresenter.swift */ = {isa = PBXFileReference; lastKnownFileType = sourcecode.swift; path = ListFoodPresenter.swift; sourceTree = "<group>"; };
		C320388329241228001C4CB3 /* ListFoodCell.swift */ = {isa = PBXFileReference; lastKnownFileType = sourcecode.swift; path = ListFoodCell.swift; sourceTree = "<group>"; };
		C320388429241228001C4CB3 /* ListFoodCell.xib */ = {isa = PBXFileReference; lastKnownFileType = file.xib; path = ListFoodCell.xib; sourceTree = "<group>"; };
		C3203888292773A5001C4CB3 /* RecipeDetailsVC.swift */ = {isa = PBXFileReference; lastKnownFileType = sourcecode.swift; path = RecipeDetailsVC.swift; sourceTree = "<group>"; };
		C3203889292773A5001C4CB3 /* RecipeDetailsVC.xib */ = {isa = PBXFileReference; lastKnownFileType = file.xib; path = RecipeDetailsVC.xib; sourceTree = "<group>"; };
		C320388C292773D5001C4CB3 /* RecipeDetailsPresenter.swift */ = {isa = PBXFileReference; lastKnownFileType = sourcecode.swift; path = RecipeDetailsPresenter.swift; sourceTree = "<group>"; };
		C320388F2931DAE9001C4CB3 /* IngredientsTableViewCell.swift */ = {isa = PBXFileReference; lastKnownFileType = sourcecode.swift; path = IngredientsTableViewCell.swift; sourceTree = "<group>"; };
		C32038902931DAE9001C4CB3 /* IngredientsTableViewCell.xib */ = {isa = PBXFileReference; lastKnownFileType = file.xib; path = IngredientsTableViewCell.xib; sourceTree = "<group>"; };
		C32038932933E214001C4CB3 /* Double.swift */ = {isa = PBXFileReference; lastKnownFileType = sourcecode.swift; path = Double.swift; sourceTree = "<group>"; };
		C32038952937403A001C4CB3 /* UINavBarAppearance.swift */ = {isa = PBXFileReference; lastKnownFileType = sourcecode.swift; path = UINavBarAppearance.swift; sourceTree = "<group>"; };
		C320389729374092001C4CB3 /* View+ActivityIndicator.swift */ = {isa = PBXFileReference; lastKnownFileType = sourcecode.swift; path = "View+ActivityIndicator.swift"; sourceTree = "<group>"; };
		C3894ECF2938866A008057B7 /* ImageView.swift */ = {isa = PBXFileReference; lastKnownFileType = sourcecode.swift; path = ImageView.swift; sourceTree = "<group>"; };
/* End PBXFileReference section */

/* Begin PBXFrameworksBuildPhase section */
		C320383B291C392B001C4CB3 /* Frameworks */ = {
			isa = PBXFrameworksBuildPhase;
			buildActionMask = 2147483647;
			files = (
			);
			runOnlyForDeploymentPostprocessing = 0;
		};
/* End PBXFrameworksBuildPhase section */

/* Begin PBXGroup section */
		C3203835291C392B001C4CB3 = {
			isa = PBXGroup;
			children = (
				C3203840291C392B001C4CB3 /* MyTestProject */,
				C320383F291C392B001C4CB3 /* Products */,
			);
			sourceTree = "<group>";
		};
		C320383F291C392B001C4CB3 /* Products */ = {
			isa = PBXGroup;
			children = (
				C320383E291C392B001C4CB3 /* MyTestProject.app */,
			);
			name = Products;
			sourceTree = "<group>";
		};
		C3203840291C392B001C4CB3 /* MyTestProject */ = {
			isa = PBXGroup;
			children = (
				C320387A292408D1001C4CB3 /* ViewControllers */,
				C3203870291C85D6001C4CB3 /* Networking */,
				C320386D291C7F90001C4CB3 /* Extensions */,
				C3203866291C43FE001C4CB3 /* Model */,
				C320385E291C3A54001C4CB3 /* Navigator */,
				C3203858291C39BD001C4CB3 /* Support */,
				C320384D291C392D001C4CB3 /* Assets.xcassets */,
				C320384F291C392D001C4CB3 /* LaunchScreen.storyboard */,
				C320384A291C392B001C4CB3 /* MyTestProject.xcdatamodeld */,
			);
			path = MyTestProject;
			sourceTree = "<group>";
		};
		C3203858291C39BD001C4CB3 /* Support */ = {
			isa = PBXGroup;
			children = (
				C3203841291C392B001C4CB3 /* AppDelegate.swift */,
				C3203843291C392B001C4CB3 /* SceneDelegate.swift */,
				C3203852291C392D001C4CB3 /* Info.plist */,
			);
			path = Support;
			sourceTree = "<group>";
		};
		C3203859291C3A02001C4CB3 /* StartScreen */ = {
			isa = PBXGroup;
			children = (
				C3203875291FFFDF001C4CB3 /* FoodCell */,
				C320385A291C3A3C001C4CB3 /* StartScreenVC.swift */,
				C320385B291C3A3C001C4CB3 /* StartScreenVC.xib */,
				C3203863291C3B15001C4CB3 /* StartScreenPresenter.swift */,
			);
			path = StartScreen;
			sourceTree = "<group>";
		};
		C320385E291C3A54001C4CB3 /* Navigator */ = {
			isa = PBXGroup;
			children = (
				C320385F291C3A6F001C4CB3 /* Assembler.swift */,
				C3203861291C3A7C001C4CB3 /* Navigator.swift */,
				C320386B291C7AA4001C4CB3 /* FlowController.swift */,
			);
			path = Navigator;
			sourceTree = "<group>";
		};
		C3203866291C43FE001C4CB3 /* Model */ = {
			isa = PBXGroup;
			children = (
				C3203867291C441F001C4CB3 /* Model.swift */,
				C3203873291DBD44001C4CB3 /* RecipeType.swift */,
			);
			path = Model;
			sourceTree = "<group>";
		};
		C320386D291C7F90001C4CB3 /* Extensions */ = {
			isa = PBXGroup;
			children = (
				C320386E291C7FC0001C4CB3 /* UIViewController + Child.swift */,
				C32038932933E214001C4CB3 /* Double.swift */,
				C32038952937403A001C4CB3 /* UINavBarAppearance.swift */,
				C320389729374092001C4CB3 /* View+ActivityIndicator.swift */,
			);
			path = Extensions;
			sourceTree = "<group>";
		};
		C3203870291C85D6001C4CB3 /* Networking */ = {
			isa = PBXGroup;
			children = (
				C3203871291C866A001C4CB3 /* NetworkingService.swift */,
				C3894ECF2938866A008057B7 /* ImageView.swift */,
			);
			path = Networking;
			sourceTree = "<group>";
		};
		C3203875291FFFDF001C4CB3 /* FoodCell */ = {
			isa = PBXGroup;
			children = (
				C320387629200077001C4CB3 /* UserActionCell.swift */,
				C320387729200077001C4CB3 /* UserActionCell.xib */,
			);
			path = FoodCell;
			sourceTree = "<group>";
		};
		C320387A292408D1001C4CB3 /* ViewControllers */ = {
			isa = PBXGroup;
			children = (
				C320388729277309001C4CB3 /* RecipeDetailsVC */,
				C320387B292408E6001C4CB3 /* ListFoodVC */,
				C3203859291C3A02001C4CB3 /* StartScreen */,
			);
			path = ViewControllers;
			sourceTree = "<group>";
		};
		C320387B292408E6001C4CB3 /* ListFoodVC */ = {
			isa = PBXGroup;
			children = (
				C3203882292411FA001C4CB3 /* ListFoodCell */,
				C320387C29240922001C4CB3 /* ListFoodVC.swift */,
				C320387D29240922001C4CB3 /* ListFoodVC.xib */,
				C32038802924093D001C4CB3 /* ListFoodPresenter.swift */,
			);
			path = ListFoodVC;
			sourceTree = "<group>";
		};
		C3203882292411FA001C4CB3 /* ListFoodCell */ = {
			isa = PBXGroup;
			children = (
				C320388329241228001C4CB3 /* ListFoodCell.swift */,
				C320388429241228001C4CB3 /* ListFoodCell.xib */,
			);
			path = ListFoodCell;
			sourceTree = "<group>";
		};
		C320388729277309001C4CB3 /* RecipeDetailsVC */ = {
			isa = PBXGroup;
			children = (
				C320388E2931DA92001C4CB3 /* IngredientsCell */,
				C3203888292773A5001C4CB3 /* RecipeDetailsVC.swift */,
				C3203889292773A5001C4CB3 /* RecipeDetailsVC.xib */,
				C320388C292773D5001C4CB3 /* RecipeDetailsPresenter.swift */,
			);
			path = RecipeDetailsVC;
			sourceTree = "<group>";
		};
		C320388E2931DA92001C4CB3 /* IngredientsCell */ = {
			isa = PBXGroup;
			children = (
				C320388F2931DAE9001C4CB3 /* IngredientsTableViewCell.swift */,
				C32038902931DAE9001C4CB3 /* IngredientsTableViewCell.xib */,
			);
			path = IngredientsCell;
			sourceTree = "<group>";
		};
/* End PBXGroup section */

/* Begin PBXNativeTarget section */
		C320383D291C392B001C4CB3 /* MyTestProject */ = {
			isa = PBXNativeTarget;
			buildConfigurationList = C3203855291C392D001C4CB3 /* Build configuration list for PBXNativeTarget "MyTestProject" */;
			buildPhases = (
				C320383A291C392B001C4CB3 /* Sources */,
				C320383B291C392B001C4CB3 /* Frameworks */,
				C320383C291C392B001C4CB3 /* Resources */,
			);
			buildRules = (
			);
			dependencies = (
			);
			name = MyTestProject;
			productName = MyTestProject;
			productReference = C320383E291C392B001C4CB3 /* MyTestProject.app */;
			productType = "com.apple.product-type.application";
		};
/* End PBXNativeTarget section */

/* Begin PBXProject section */
		C3203836291C392B001C4CB3 /* Project object */ = {
			isa = PBXProject;
			attributes = {
				BuildIndependentTargetsInParallel = 1;
				LastSwiftUpdateCheck = 1410;
				LastUpgradeCheck = 1410;
				TargetAttributes = {
					C320383D291C392B001C4CB3 = {
						CreatedOnToolsVersion = 14.1;
					};
				};
			};
			buildConfigurationList = C3203839291C392B001C4CB3 /* Build configuration list for PBXProject "MyTestProject" */;
			compatibilityVersion = "Xcode 14.0";
			developmentRegion = en;
			hasScannedForEncodings = 0;
			knownRegions = (
				en,
				Base,
			);
			mainGroup = C3203835291C392B001C4CB3;
			productRefGroup = C320383F291C392B001C4CB3 /* Products */;
			projectDirPath = "";
			projectRoot = "";
			targets = (
				C320383D291C392B001C4CB3 /* MyTestProject */,
			);
		};
/* End PBXProject section */

/* Begin PBXResourcesBuildPhase section */
		C320383C291C392B001C4CB3 /* Resources */ = {
			isa = PBXResourcesBuildPhase;
			buildActionMask = 2147483647;
			files = (
				C320387929200077001C4CB3 /* UserActionCell.xib in Resources */,
				C320388B292773A5001C4CB3 /* RecipeDetailsVC.xib in Resources */,
				C320388629241228001C4CB3 /* ListFoodCell.xib in Resources */,
				C320387F29240922001C4CB3 /* ListFoodVC.xib in Resources */,
				C32038922931DAE9001C4CB3 /* IngredientsTableViewCell.xib in Resources */,
				C3203851291C392D001C4CB3 /* LaunchScreen.storyboard in Resources */,
				C320384E291C392D001C4CB3 /* Assets.xcassets in Resources */,
				C320385D291C3A3C001C4CB3 /* StartScreenVC.xib in Resources */,
			);
			runOnlyForDeploymentPostprocessing = 0;
		};
/* End PBXResourcesBuildPhase section */

/* Begin PBXSourcesBuildPhase section */
		C320383A291C392B001C4CB3 /* Sources */ = {
			isa = PBXSourcesBuildPhase;
			buildActionMask = 2147483647;
			files = (
				C320387E29240922001C4CB3 /* ListFoodVC.swift in Sources */,
				C320388529241228001C4CB3 /* ListFoodCell.swift in Sources */,
				C3203872291C866A001C4CB3 /* NetworkingService.swift in Sources */,
				C320387829200077001C4CB3 /* UserActionCell.swift in Sources */,
				C3203842291C392B001C4CB3 /* AppDelegate.swift in Sources */,
				C320385C291C3A3C001C4CB3 /* StartScreenVC.swift in Sources */,
				C320386C291C7AA4001C4CB3 /* FlowController.swift in Sources */,
				C3203874291DBD44001C4CB3 /* RecipeType.swift in Sources */,
				C3203860291C3A6F001C4CB3 /* Assembler.swift in Sources */,
				C3203844291C392B001C4CB3 /* SceneDelegate.swift in Sources */,
				C320386F291C7FC0001C4CB3 /* UIViewController + Child.swift in Sources */,
				C3203864291C3B15001C4CB3 /* StartScreenPresenter.swift in Sources */,
				C3894ED02938866A008057B7 /* ImageView.swift in Sources */,
				C32038812924093D001C4CB3 /* ListFoodPresenter.swift in Sources */,
				C32038962937403A001C4CB3 /* UINavBarAppearance.swift in Sources */,
				C320388D292773D5001C4CB3 /* RecipeDetailsPresenter.swift in Sources */,
				C320384C291C392B001C4CB3 /* MyTestProject.xcdatamodeld in Sources */,
				C32038912931DAE9001C4CB3 /* IngredientsTableViewCell.swift in Sources */,
				C3203862291C3A7C001C4CB3 /* Navigator.swift in Sources */,
				C320388A292773A5001C4CB3 /* RecipeDetailsVC.swift in Sources */,
				C320389829374092001C4CB3 /* View+ActivityIndicator.swift in Sources */,
				C32038942933E214001C4CB3 /* Double.swift in Sources */,
				C3203868291C441F001C4CB3 /* Model.swift in Sources */,
			);
			runOnlyForDeploymentPostprocessing = 0;
		};
/* End PBXSourcesBuildPhase section */

/* Begin PBXVariantGroup section */
		C320384F291C392D001C4CB3 /* LaunchScreen.storyboard */ = {
			isa = PBXVariantGroup;
			children = (
				C3203850291C392D001C4CB3 /* Base */,
			);
			name = LaunchScreen.storyboard;
			sourceTree = "<group>";
		};
/* End PBXVariantGroup section */

/* Begin XCBuildConfiguration section */
		C3203853291C392D001C4CB3 /* Debug */ = {
			isa = XCBuildConfiguration;
			buildSettings = {
				ALWAYS_SEARCH_USER_PATHS = NO;
				CLANG_ANALYZER_NONNULL = YES;
				CLANG_ANALYZER_NUMBER_OBJECT_CONVERSION = YES_AGGRESSIVE;
				CLANG_CXX_LANGUAGE_STANDARD = "gnu++20";
				CLANG_ENABLE_MODULES = YES;
				CLANG_ENABLE_OBJC_ARC = YES;
				CLANG_ENABLE_OBJC_WEAK = YES;
				CLANG_WARN_BLOCK_CAPTURE_AUTORELEASING = YES;
				CLANG_WARN_BOOL_CONVERSION = YES;
				CLANG_WARN_COMMA = YES;
				CLANG_WARN_CONSTANT_CONVERSION = YES;
				CLANG_WARN_DEPRECATED_OBJC_IMPLEMENTATIONS = YES;
				CLANG_WARN_DIRECT_OBJC_ISA_USAGE = YES_ERROR;
				CLANG_WARN_DOCUMENTATION_COMMENTS = YES;
				CLANG_WARN_EMPTY_BODY = YES;
				CLANG_WARN_ENUM_CONVERSION = YES;
				CLANG_WARN_INFINITE_RECURSION = YES;
				CLANG_WARN_INT_CONVERSION = YES;
				CLANG_WARN_NON_LITERAL_NULL_CONVERSION = YES;
				CLANG_WARN_OBJC_IMPLICIT_RETAIN_SELF = YES;
				CLANG_WARN_OBJC_LITERAL_CONVERSION = YES;
				CLANG_WARN_OBJC_ROOT_CLASS = YES_ERROR;
				CLANG_WARN_QUOTED_INCLUDE_IN_FRAMEWORK_HEADER = YES;
				CLANG_WARN_RANGE_LOOP_ANALYSIS = YES;
				CLANG_WARN_STRICT_PROTOTYPES = YES;
				CLANG_WARN_SUSPICIOUS_MOVE = YES;
				CLANG_WARN_UNGUARDED_AVAILABILITY = YES_AGGRESSIVE;
				CLANG_WARN_UNREACHABLE_CODE = YES;
				CLANG_WARN__DUPLICATE_METHOD_MATCH = YES;
				COPY_PHASE_STRIP = NO;
				DEBUG_INFORMATION_FORMAT = dwarf;
				ENABLE_STRICT_OBJC_MSGSEND = YES;
				ENABLE_TESTABILITY = YES;
				GCC_C_LANGUAGE_STANDARD = gnu11;
				GCC_DYNAMIC_NO_PIC = NO;
				GCC_NO_COMMON_BLOCKS = YES;
				GCC_OPTIMIZATION_LEVEL = 0;
				GCC_PREPROCESSOR_DEFINITIONS = (
					"DEBUG=1",
					"$(inherited)",
				);
				GCC_WARN_64_TO_32_BIT_CONVERSION = YES;
				GCC_WARN_ABOUT_RETURN_TYPE = YES_ERROR;
				GCC_WARN_UNDECLARED_SELECTOR = YES;
				GCC_WARN_UNINITIALIZED_AUTOS = YES_AGGRESSIVE;
				GCC_WARN_UNUSED_FUNCTION = YES;
				GCC_WARN_UNUSED_VARIABLE = YES;
				IPHONEOS_DEPLOYMENT_TARGET = 16.1;
				MTL_ENABLE_DEBUG_INFO = INCLUDE_SOURCE;
				MTL_FAST_MATH = YES;
				ONLY_ACTIVE_ARCH = YES;
				SDKROOT = iphoneos;
				SWIFT_ACTIVE_COMPILATION_CONDITIONS = DEBUG;
				SWIFT_OPTIMIZATION_LEVEL = "-Onone";
			};
			name = Debug;
		};
		C3203854291C392D001C4CB3 /* Release */ = {
			isa = XCBuildConfiguration;
			buildSettings = {
				ALWAYS_SEARCH_USER_PATHS = NO;
				CLANG_ANALYZER_NONNULL = YES;
				CLANG_ANALYZER_NUMBER_OBJECT_CONVERSION = YES_AGGRESSIVE;
				CLANG_CXX_LANGUAGE_STANDARD = "gnu++20";
				CLANG_ENABLE_MODULES = YES;
				CLANG_ENABLE_OBJC_ARC = YES;
				CLANG_ENABLE_OBJC_WEAK = YES;
				CLANG_WARN_BLOCK_CAPTURE_AUTORELEASING = YES;
				CLANG_WARN_BOOL_CONVERSION = YES;
				CLANG_WARN_COMMA = YES;
				CLANG_WARN_CONSTANT_CONVERSION = YES;
				CLANG_WARN_DEPRECATED_OBJC_IMPLEMENTATIONS = YES;
				CLANG_WARN_DIRECT_OBJC_ISA_USAGE = YES_ERROR;
				CLANG_WARN_DOCUMENTATION_COMMENTS = YES;
				CLANG_WARN_EMPTY_BODY = YES;
				CLANG_WARN_ENUM_CONVERSION = YES;
				CLANG_WARN_INFINITE_RECURSION = YES;
				CLANG_WARN_INT_CONVERSION = YES;
				CLANG_WARN_NON_LITERAL_NULL_CONVERSION = YES;
				CLANG_WARN_OBJC_IMPLICIT_RETAIN_SELF = YES;
				CLANG_WARN_OBJC_LITERAL_CONVERSION = YES;
				CLANG_WARN_OBJC_ROOT_CLASS = YES_ERROR;
				CLANG_WARN_QUOTED_INCLUDE_IN_FRAMEWORK_HEADER = YES;
				CLANG_WARN_RANGE_LOOP_ANALYSIS = YES;
				CLANG_WARN_STRICT_PROTOTYPES = YES;
				CLANG_WARN_SUSPICIOUS_MOVE = YES;
				CLANG_WARN_UNGUARDED_AVAILABILITY = YES_AGGRESSIVE;
				CLANG_WARN_UNREACHABLE_CODE = YES;
				CLANG_WARN__DUPLICATE_METHOD_MATCH = YES;
				COPY_PHASE_STRIP = NO;
				DEBUG_INFORMATION_FORMAT = "dwarf-with-dsym";
				ENABLE_NS_ASSERTIONS = NO;
				ENABLE_STRICT_OBJC_MSGSEND = YES;
				GCC_C_LANGUAGE_STANDARD = gnu11;
				GCC_NO_COMMON_BLOCKS = YES;
				GCC_WARN_64_TO_32_BIT_CONVERSION = YES;
				GCC_WARN_ABOUT_RETURN_TYPE = YES_ERROR;
				GCC_WARN_UNDECLARED_SELECTOR = YES;
				GCC_WARN_UNINITIALIZED_AUTOS = YES_AGGRESSIVE;
				GCC_WARN_UNUSED_FUNCTION = YES;
				GCC_WARN_UNUSED_VARIABLE = YES;
				IPHONEOS_DEPLOYMENT_TARGET = 16.1;
				MTL_ENABLE_DEBUG_INFO = NO;
				MTL_FAST_MATH = YES;
				SDKROOT = iphoneos;
				SWIFT_COMPILATION_MODE = wholemodule;
				SWIFT_OPTIMIZATION_LEVEL = "-O";
				VALIDATE_PRODUCT = YES;
			};
			name = Release;
		};
		C3203856291C392D001C4CB3 /* Debug */ = {
			isa = XCBuildConfiguration;
			buildSettings = {
				ASSETCATALOG_COMPILER_APPICON_NAME = AppIcon;
				ASSETCATALOG_COMPILER_GLOBAL_ACCENT_COLOR_NAME = AccentColor;
				CODE_SIGN_STYLE = Automatic;
				CURRENT_PROJECT_VERSION = 1;
				DEVELOPMENT_TEAM = U2226ARBD7;
				GENERATE_INFOPLIST_FILE = YES;
				INFOPLIST_FILE = MyTestProject/Support/Info.plist;
				INFOPLIST_KEY_UIApplicationSupportsIndirectInputEvents = YES;
				INFOPLIST_KEY_UILaunchStoryboardName = LaunchScreen;
				INFOPLIST_KEY_UISupportedInterfaceOrientations_iPad = "UIInterfaceOrientationPortrait UIInterfaceOrientationPortraitUpsideDown UIInterfaceOrientationLandscapeLeft UIInterfaceOrientationLandscapeRight";
				INFOPLIST_KEY_UISupportedInterfaceOrientations_iPhone = "UIInterfaceOrientationPortrait UIInterfaceOrientationLandscapeLeft UIInterfaceOrientationLandscapeRight";
				LD_RUNPATH_SEARCH_PATHS = (
					"$(inherited)",
					"@executable_path/Frameworks",
				);
				MARKETING_VERSION = 1.0;
				PRODUCT_BUNDLE_IDENTIFIER = HomeWorkApp1.MyTestProject;
				PRODUCT_NAME = "$(TARGET_NAME)";
				SWIFT_EMIT_LOC_STRINGS = YES;
				SWIFT_VERSION = 5.0;
				TARGETED_DEVICE_FAMILY = "1,2";
			};
			name = Debug;
		};
		C3203857291C392D001C4CB3 /* Release */ = {
			isa = XCBuildConfiguration;
			buildSettings = {
				ASSETCATALOG_COMPILER_APPICON_NAME = AppIcon;
				ASSETCATALOG_COMPILER_GLOBAL_ACCENT_COLOR_NAME = AccentColor;
				CODE_SIGN_STYLE = Automatic;
				CURRENT_PROJECT_VERSION = 1;
				DEVELOPMENT_TEAM = U2226ARBD7;
				GENERATE_INFOPLIST_FILE = YES;
				INFOPLIST_FILE = MyTestProject/Support/Info.plist;
				INFOPLIST_KEY_UIApplicationSupportsIndirectInputEvents = YES;
				INFOPLIST_KEY_UILaunchStoryboardName = LaunchScreen;
				INFOPLIST_KEY_UISupportedInterfaceOrientations_iPad = "UIInterfaceOrientationPortrait UIInterfaceOrientationPortraitUpsideDown UIInterfaceOrientationLandscapeLeft UIInterfaceOrientationLandscapeRight";
				INFOPLIST_KEY_UISupportedInterfaceOrientations_iPhone = "UIInterfaceOrientationPortrait UIInterfaceOrientationLandscapeLeft UIInterfaceOrientationLandscapeRight";
				LD_RUNPATH_SEARCH_PATHS = (
					"$(inherited)",
					"@executable_path/Frameworks",
				);
				MARKETING_VERSION = 1.0;
				PRODUCT_BUNDLE_IDENTIFIER = HomeWorkApp1.MyTestProject;
				PRODUCT_NAME = "$(TARGET_NAME)";
				SWIFT_EMIT_LOC_STRINGS = YES;
				SWIFT_VERSION = 5.0;
				TARGETED_DEVICE_FAMILY = "1,2";
			};
			name = Release;
		};
/* End XCBuildConfiguration section */

/* Begin XCConfigurationList section */
		C3203839291C392B001C4CB3 /* Build configuration list for PBXProject "MyTestProject" */ = {
			isa = XCConfigurationList;
			buildConfigurations = (
				C3203853291C392D001C4CB3 /* Debug */,
				C3203854291C392D001C4CB3 /* Release */,
			);
			defaultConfigurationIsVisible = 0;
			defaultConfigurationName = Release;
		};
		C3203855291C392D001C4CB3 /* Build configuration list for PBXNativeTarget "MyTestProject" */ = {
			isa = XCConfigurationList;
			buildConfigurations = (
				C3203856291C392D001C4CB3 /* Debug */,
				C3203857291C392D001C4CB3 /* Release */,
			);
			defaultConfigurationIsVisible = 0;
			defaultConfigurationName = Release;
		};
/* End XCConfigurationList section */

/* Begin XCVersionGroup section */
		C320384A291C392B001C4CB3 /* MyTestProject.xcdatamodeld */ = {
			isa = XCVersionGroup;
			children = (
				C320384B291C392B001C4CB3 /* MyTestProject.xcdatamodel */,
			);
			currentVersion = C320384B291C392B001C4CB3 /* MyTestProject.xcdatamodel */;
			path = MyTestProject.xcdatamodeld;
			sourceTree = "<group>";
			versionGroupType = wrapper.xcdatamodel;
		};
/* End XCVersionGroup section */
	};
	rootObject = C3203836291C392B001C4CB3 /* Project object */;
}
